
Microsoft Visual Studio Solution File, Format Version 12.00
# Visual Studio Version 17
VisualStudioVersion = 17.5.33424.131
MinimumVisualStudioVersion = 10.0.40219.1
Project("{FAE04EC0-301F-11D3-BF4B-00C04F79EFBC}") = "DaprClientWeb", "DaprClientWeb\DaprClientWeb.csproj", "{300FEA42-88D9-4D13-A920-82D02E0A30E8}"
EndProject
Project("{FAE04EC0-301F-11D3-BF4B-00C04F79EFBC}") = "ServiceA", "ServiceA\ServiceA.csproj", "{DA0E863A-D9F2-4873-B2E4-C73788E37258}"
EndProject
Project("{FAE04EC0-301F-11D3-BF4B-00C04F79EFBC}") = "ServiceB", "ServiceB\ServiceB.csproj", "{57123DE7-BDA9-4383-8C61-E80B7DF9A079}"
EndProject
Global
	GlobalSection(SolutionConfigurationPlatforms) = preSolution
		Debug|Any CPU = Debug|Any CPU
		Release|Any CPU = Release|Any CPU
	EndGlobalSection
	GlobalSection(ProjectConfigurationPlatforms) = postSolution
		{300FEA42-88D9-4D13-A920-82D02E0A30E8}.Debug|Any CPU.ActiveCfg = Debug|Any CPU
		{300FEA42-88D9-4D13-A920-82D02E0A30E8}.Debug|Any CPU.Build.0 = Debug|Any CPU
		{300FEA42-88D9-4D13-A920-82D02E0A30E8}.Release|Any CPU.ActiveCfg = Release|Any CPU
		{300FEA42-88D9-4D13-A920-82D02E0A30E8}.Release|Any CPU.Build.0 = Release|Any CPU
		{DA0E863A-D9F2-4873-B2E4-C73788E37258}.Debug|Any CPU.ActiveCfg = Debug|Any CPU
		{DA0E863A-D9F2-4873-B2E4-C73788E37258}.Debug|Any CPU.Build.0 = Debug|Any CPU
		{DA0E863A-D9F2-4873-B2E4-C73788E37258}.Release|Any CPU.ActiveCfg = Release|Any CPU
		{DA0E863A-D9F2-4873-B2E4-C73788E37258}.Release|Any CPU.Build.0 = Release|Any CPU
		{57123DE7-BDA9-4383-8C61-E80B7DF9A079}.Debug|Any CPU.ActiveCfg = Debug|Any CPU
		{57123DE7-BDA9-4383-8C61-E80B7DF9A079}.Debug|Any CPU.Build.0 = Debug|Any CPU
		{57123DE7-BDA9-4383-8C61-E80B7DF9A079}.Release|Any CPU.ActiveCfg = Release|Any CPU
		{57123DE7-BDA9-4383-8C61-E80B7DF9A079}.Release|Any CPU.Build.0 = Release|Any CPU
	EndGlobalSection
	GlobalSection(SolutionProperties) = preSolution
		HideSolutionNode = FALSE
	EndGlobalSection
	GlobalSection(ExtensibilityGlobals) = postSolution
		SolutionGuid = {5E9530B5-EF96-44E7-9CCC-1338A43290EE}
	EndGlobalSection
EndGlobal
